// !$*UTF8*$!
{
	archiveVersion = 1;
	classes = {
	};
	objectVersion = 46;
	objects = {

/* Begin PBXBuildFile section */
		15BEC61B219F67AF00E89C06 /* libpcre.1.dylib in Frameworks */ = {isa = PBXBuildFile; fileRef = 15BEC618219F67AF00E89C06 /* libpcre.1.dylib */; };
		15BEC61C219F67AF00E89C06 /* main.c in Sources */ = {isa = PBXBuildFile; fileRef = 15BEC619219F67AF00E89C06 /* main.c */; };
/* End PBXBuildFile section */

/* Begin PBXCopyFilesBuildPhase section */
		157EB6AE219F28F700970EA3 /* CopyFiles */ = {
			isa = PBXCopyFilesBuildPhase;
			buildActionMask = 2147483647;
			dstPath = /usr/share/man/man1/;
			dstSubfolderSpec = 0;
			files = (
			);
			runOnlyForDeploymentPostprocessing = 1;
		};
/* End PBXCopyFilesBuildPhase section */

/* Begin PBXFileReference section */
		157EB6B0219F28F800970EA3 /* extract_notes */ = {isa = PBXFileReference; explicitFileType = "compiled.mach-o.executable"; includeInIndex = 0; path = extract_notes; sourceTree = BUILT_PRODUCTS_DIR; };
		15BEC618219F67AF00E89C06 /* libpcre.1.dylib */ = {isa = PBXFileReference; lastKnownFileType = "compiled.mach-o.dylib"; name = libpcre.1.dylib; path = extract_notes/libpcre.1.dylib; sourceTree = SOURCE_ROOT; };
		15BEC619219F67AF00E89C06 /* main.c */ = {isa = PBXFileReference; fileEncoding = 4; lastKnownFileType = sourcecode.c.c; name = main.c; path = extract_notes/main.c; sourceTree = SOURCE_ROOT; };
		15BEC61A219F67AF00E89C06 /* pcre.h */ = {isa = PBXFileReference; fileEncoding = 4; lastKnownFileType = sourcecode.c.h; name = pcre.h; path = extract_notes/pcre.h; sourceTree = SOURCE_ROOT; };
/* End PBXFileReference section */

/* Begin PBXFrameworksBuildPhase section */
		157EB6AD219F28F700970EA3 /* Frameworks */ = {
			isa = PBXFrameworksBuildPhase;
			buildActionMask = 2147483647;
			files = (
				15BEC61B219F67AF00E89C06 /* libpcre.1.dylib in Frameworks */,
			);
			runOnlyForDeploymentPostprocessing = 0;
		};
/* End PBXFrameworksBuildPhase section */

/* Begin PBXGroup section */
		157EB6A7219F28F700970EA3 = {
			isa = PBXGroup;
			children = (
				157EB6B2219F28F800970EA3 /* extract_notes */,
				15BEC61D219F67E300E89C06 /* pcre */,
				157EB6B1219F28F800970EA3 /* Products */,
			);
			sourceTree = "<group>";
		};
		157EB6B1219F28F800970EA3 /* Products */ = {
			isa = PBXGroup;
			children = (
				157EB6B0219F28F800970EA3 /* extract_notes */,
			);
			name = Products;
			sourceTree = "<group>";
		};
		157EB6B2219F28F800970EA3 /* extract_notes */ = {
			isa = PBXGroup;
			children = (
				15BEC619219F67AF00E89C06 /* main.c */,
			);
			name = extract_notes;
			path = unescape;
			sourceTree = "<group>";
		};
		15BEC61D219F67E300E89C06 /* pcre */ = {
			isa = PBXGroup;
			children = (
				15BEC618219F67AF00E89C06 /* libpcre.1.dylib */,
				15BEC61A219F67AF00E89C06 /* pcre.h */,
			);
			name = pcre;
			sourceTree = "<group>";
		};
/* End PBXGroup section */

/* Begin PBXNativeTarget section */
		157EB6AF219F28F700970EA3 /* extract_notes */ = {
			isa = PBXNativeTarget;
			buildConfigurationList = 157EB6B7219F28F800970EA3 /* Build configuration list for PBXNativeTarget "extract_notes" */;
			buildPhases = (
				157EB6AC219F28F700970EA3 /* Sources */,
				157EB6AD219F28F700970EA3 /* Frameworks */,
				157EB6AE219F28F700970EA3 /* CopyFiles */,
			);
			buildRules = (
			);
			dependencies = (
			);
			name = extract_notes;
			productName = unescape;
			productReference = 157EB6B0219F28F800970EA3 /* extract_notes */;
			productType = "com.apple.product-type.tool";
		};
/* End PBXNativeTarget section */

/* Begin PBXProject section */
		157EB6A8219F28F700970EA3 /* Project object */ = {
			isa = PBXProject;
			attributes = {
				LastUpgradeCheck = 0610;
				ORGANIZATIONNAME = "Bruno Vandekerkhove";
				TargetAttributes = {
					157EB6AF219F28F700970EA3 = {
						CreatedOnToolsVersion = 6.1;
					};
				};
			};
			buildConfigurationList = 157EB6AB219F28F700970EA3 /* Build configuration list for PBXProject "extract_notes" */;
			compatibilityVersion = "Xcode 3.2";
			developmentRegion = English;
			hasScannedForEncodings = 0;
			knownRegions = (
				en,
			);
			mainGroup = 157EB6A7219F28F700970EA3;
			productRefGroup = 157EB6B1219F28F800970EA3 /* Products */;
			projectDirPath = "";
			projectRoot = "";
			targets = (
				157EB6AF219F28F700970EA3 /* extract_notes */,
			);
		};
/* End PBXProject section */

/* Begin PBXSourcesBuildPhase section */
		157EB6AC219F28F700970EA3 /* Sources */ = {
			isa = PBXSourcesBuildPhase;
			buildActionMask = 2147483647;
			files = (
				15BEC61C219F67AF00E89C06 /* main.c in Sources */,
			);
			runOnlyForDeploymentPostprocessing = 0;
		};
/* End PBXSourcesBuildPhase section */

/* Begin XCBuildConfiguration section */
		157EB6B5219F28F800970EA3 /* Debug */ = {
			isa = XCBuildConfiguration;
			buildSettings = {
				ALWAYS_SEARCH_USER_PATHS = NO;
				CLANG_CXX_LANGUAGE_STANDARD = "gnu++0x";
				CLANG_CXX_LIBRARY = "libc++";
				CLANG_ENABLE_MODULES = YES;
				CLANG_ENABLE_OBJC_ARC = YES;
				CLANG_WARN_BOOL_CONVERSION = YES;
				CLANG_WARN_CONSTANT_CONVERSION = YES;
				CLANG_WARN_DIRECT_OBJC_ISA_USAGE = YES_ERROR;
				CLANG_WARN_EMPTY_BODY = YES;
				CLANG_WARN_ENUM_CONVERSION = YES;
				CLANG_WARN_INT_CONVERSION = YES;
				CLANG_WARN_OBJC_ROOT_CLASS = YES_ERROR;
				CLANG_WARN_UNREACHABLE_CODE = YES;
				CLANG_WARN__DUPLICATE_METHOD_MATCH = YES;
				COPY_PHASE_STRIP = NO;
				ENABLE_STRICT_OBJC_MSGSEND = YES;
				GCC_C_LANGUAGE_STANDARD = gnu99;
				GCC_DYNAMIC_NO_PIC = NO;
				GCC_OPTIMIZATION_LEVEL = 0;
				GCC_PREPROCESSOR_DEFINITIONS = (
					"DEBUG=1",
					"$(inherited)",
				);
				GCC_SYMBOLS_PRIVATE_EXTERN = NO;
				GCC_WARN_64_TO_32_BIT_CONVERSION = YES;
				GCC_WARN_ABOUT_RETURN_TYPE = YES_ERROR;
				GCC_WARN_UNDECLARED_SELECTOR = YES;
				GCC_WARN_UNINITIALIZED_AUTOS = YES_AGGRESSIVE;
				GCC_WARN_UNUSED_FUNCTION = YES;
				GCC_WARN_UNUSED_VARIABLE = YES;
				MACOSX_DEPLOYMENT_TARGET = 10.10;
				MTL_ENABLE_DEBUG_INFO = YES;
				ONLY_ACTIVE_ARCH = YES;
				SDKROOT = macosx;
			};
			name = Debug;
		};
		157EB6B6219F28F800970EA3 /* Release */ = {
			isa = XCBuildConfiguration;
			buildSettings = {
				ALWAYS_SEARCH_USER_PATHS = NO;
				CLANG_CXX_LANGUAGE_STANDARD = "gnu++0x";
				CLANG_CXX_LIBRARY = "libc++";
				CLANG_ENABLE_MODULES = YES;
				CLANG_ENABLE_OBJC_ARC = YES;
				CLANG_WARN_BOOL_CONVERSION = YES;
				CLANG_WARN_CONSTANT_CONVERSION = YES;
				CLANG_WARN_DIRECT_OBJC_ISA_USAGE = YES_ERROR;
				CLANG_WARN_EMPTY_BODY = YES;
				CLANG_WARN_ENUM_CONVERSION = YES;
				CLANG_WARN_INT_CONVERSION = YES;
				CLANG_WARN_OBJC_ROOT_CLASS = YES_ERROR;
				CLANG_WARN_UNREACHABLE_CODE = YES;
				CLANG_WARN__DUPLICATE_METHOD_MATCH = YES;
				COPY_PHASE_STRIP = YES;
				DEBUG_INFORMATION_FORMAT = "dwarf-with-dsym";
				ENABLE_NS_ASSERTIONS = NO;
				ENABLE_STRICT_OBJC_MSGSEND = YES;
				GCC_C_LANGUAGE_STANDARD = gnu99;
				GCC_WARN_64_TO_32_BIT_CONVERSION = YES;
				GCC_WARN_ABOUT_RETURN_TYPE = YES_ERROR;
				GCC_WARN_UNDECLARED_SELECTOR = YES;
				GCC_WARN_UNINITIALIZED_AUTOS = YES_AGGRESSIVE;
				GCC_WARN_UNUSED_FUNCTION = YES;
				GCC_WARN_UNUSED_VARIABLE = YES;
				MACOSX_DEPLOYMENT_TARGET = 10.10;
				MTL_ENABLE_DEBUG_INFO = NO;
				SDKROOT = macosx;
			};
			name = Release;
		};
		157EB6B8219F28F800970EA3 /* Debug */ = {
			isa = XCBuildConfiguration;
			buildSettings = {
				LIBRARY_SEARCH_PATHS = (
					"$(inherited)",
					"$(PROJECT_DIR)/unescape",
					"$(PROJECT_DIR)/extract_notes",
				);
				PRODUCT_NAME = extract_notes;
			};
			name = Debug;
		};
		157EB6B9219F28F800970EA3 /* Release */ = {
			isa = XCBuildConfiguration;
			buildSettings = {
				LIBRARY_SEARCH_PATHS = (
					"$(inherited)",
					"$(PROJECT_DIR)/unescape",
					"$(PROJECT_DIR)/extract_notes",
				);
				PRODUCT_NAME = extract_notes;
			};
			name = Release;
		};
/* End XCBuildConfiguration section */

/* Begin XCConfigurationList section */
		157EB6AB219F28F700970EA3 /* Build configuration list for PBXProject "extract_notes" */ = {
			isa = XCConfigurationList;
			buildConfigurations = (
				157EB6B5219F28F800970EA3 /* Debug */,
				157EB6B6219F28F800970EA3 /* Release */,
			);
			defaultConfigurationIsVisible = 0;
			defaultConfigurationName = Release;
		};
		157EB6B7219F28F800970EA3 /* Build configuration list for PBXNativeTarget "extract_notes" */ = {
			isa = XCConfigurationList;
			buildConfigurations = (
				157EB6B8219F28F800970EA3 /* Debug */,
				157EB6B9219F28F800970EA3 /* Release */,
			);
			defaultConfigurationIsVisible = 0;
			defaultConfigurationName = Release;
		};
/* End XCConfigurationList section */
	};
	rootObject = 157EB6A8219F28F700970EA3 /* Project object */;
}
